// !$*UTF8*$!
{
	archiveVersion = 1;
	classes = {
	};
	objectVersion = 50;
	objects = {

/* Begin PBXBuildFile section */
		B107443824D116920034FFA4 /* AppDelegate.swift in Sources */ = {isa = PBXBuildFile; fileRef = B107443724D116920034FFA4 /* AppDelegate.swift */; };
		B107443A24D116920034FFA4 /* SceneDelegate.swift in Sources */ = {isa = PBXBuildFile; fileRef = B107443924D116920034FFA4 /* SceneDelegate.swift */; };
		B107443C24D116920034FFA4 /* ViewController.swift in Sources */ = {isa = PBXBuildFile; fileRef = B107443B24D116920034FFA4 /* ViewController.swift */; };
		B107443F24D116930034FFA4 /* Main.storyboard in Resources */ = {isa = PBXBuildFile; fileRef = B107443D24D116930034FFA4 /* Main.storyboard */; };
		B107444124D116960034FFA4 /* Assets.xcassets in Resources */ = {isa = PBXBuildFile; fileRef = B107444024D116960034FFA4 /* Assets.xcassets */; };
		B107444424D116960034FFA4 /* LaunchScreen.storyboard in Resources */ = {isa = PBXBuildFile; fileRef = B107444224D116960034FFA4 /* LaunchScreen.storyboard */; };
		B107444F24D116960034FFA4 /* WeatherReportTests.swift in Sources */ = {isa = PBXBuildFile; fileRef = B107444E24D116960034FFA4 /* WeatherReportTests.swift */; };
		B107445A24D116970034FFA4 /* WeatherReportUITests.swift in Sources */ = {isa = PBXBuildFile; fileRef = B107445924D116970034FFA4 /* WeatherReportUITests.swift */; };
		B107446824D11B880034FFA4 /* APIManager.swift in Sources */ = {isa = PBXBuildFile; fileRef = B107446724D11B880034FFA4 /* APIManager.swift */; };
		B107446C24D151100034FFA4 /* WeatherReportModels.swift in Sources */ = {isa = PBXBuildFile; fileRef = B107446B24D151100034FFA4 /* WeatherReportModels.swift */; };
		B107446E24D1518F0034FFA4 /* city.list.json in Resources */ = {isa = PBXBuildFile; fileRef = B107446D24D1518F0034FFA4 /* city.list.json */; };
/* End PBXBuildFile section */

/* Begin PBXContainerItemProxy section */
		B107444B24D116960034FFA4 /* PBXContainerItemProxy */ = {
			isa = PBXContainerItemProxy;
			containerPortal = B107442C24D116920034FFA4 /* Project object */;
			proxyType = 1;
			remoteGlobalIDString = B107443324D116920034FFA4;
			remoteInfo = WeatherReport;
		};
		B107445624D116960034FFA4 /* PBXContainerItemProxy */ = {
			isa = PBXContainerItemProxy;
			containerPortal = B107442C24D116920034FFA4 /* Project object */;
			proxyType = 1;
			remoteGlobalIDString = B107443324D116920034FFA4;
			remoteInfo = WeatherReport;
		};
/* End PBXContainerItemProxy section */

/* Begin PBXFileReference section */
		B107443424D116920034FFA4 /* WeatherReport.app */ = {isa = PBXFileReference; explicitFileType = wrapper.application; includeInIndex = 0; path = WeatherReport.app; sourceTree = BUILT_PRODUCTS_DIR; };
		B107443724D116920034FFA4 /* AppDelegate.swift */ = {isa = PBXFileReference; lastKnownFileType = sourcecode.swift; path = AppDelegate.swift; sourceTree = "<group>"; };
		B107443924D116920034FFA4 /* SceneDelegate.swift */ = {isa = PBXFileReference; lastKnownFileType = sourcecode.swift; path = SceneDelegate.swift; sourceTree = "<group>"; };
		B107443B24D116920034FFA4 /* ViewController.swift */ = {isa = PBXFileReference; lastKnownFileType = sourcecode.swift; path = ViewController.swift; sourceTree = "<group>"; };
		B107443E24D116930034FFA4 /* Base */ = {isa = PBXFileReference; lastKnownFileType = file.storyboard; name = Base; path = Base.lproj/Main.storyboard; sourceTree = "<group>"; };
		B107444024D116960034FFA4 /* Assets.xcassets */ = {isa = PBXFileReference; lastKnownFileType = folder.assetcatalog; path = Assets.xcassets; sourceTree = "<group>"; };
		B107444324D116960034FFA4 /* Base */ = {isa = PBXFileReference; lastKnownFileType = file.storyboard; name = Base; path = Base.lproj/LaunchScreen.storyboard; sourceTree = "<group>"; };
		B107444524D116960034FFA4 /* Info.plist */ = {isa = PBXFileReference; lastKnownFileType = text.plist.xml; path = Info.plist; sourceTree = "<group>"; };
		B107444A24D116960034FFA4 /* WeatherReportTests.xctest */ = {isa = PBXFileReference; explicitFileType = wrapper.cfbundle; includeInIndex = 0; path = WeatherReportTests.xctest; sourceTree = BUILT_PRODUCTS_DIR; };
		B107444E24D116960034FFA4 /* WeatherReportTests.swift */ = {isa = PBXFileReference; lastKnownFileType = sourcecode.swift; path = WeatherReportTests.swift; sourceTree = "<group>"; };
		B107445024D116960034FFA4 /* Info.plist */ = {isa = PBXFileReference; lastKnownFileType = text.plist.xml; path = Info.plist; sourceTree = "<group>"; };
		B107445524D116960034FFA4 /* WeatherReportUITests.xctest */ = {isa = PBXFileReference; explicitFileType = wrapper.cfbundle; includeInIndex = 0; path = WeatherReportUITests.xctest; sourceTree = BUILT_PRODUCTS_DIR; };
		B107445924D116970034FFA4 /* WeatherReportUITests.swift */ = {isa = PBXFileReference; lastKnownFileType = sourcecode.swift; path = WeatherReportUITests.swift; sourceTree = "<group>"; };
		B107445B24D116970034FFA4 /* Info.plist */ = {isa = PBXFileReference; lastKnownFileType = text.plist.xml; path = Info.plist; sourceTree = "<group>"; };
		B107446724D11B880034FFA4 /* APIManager.swift */ = {isa = PBXFileReference; lastKnownFileType = sourcecode.swift; path = APIManager.swift; sourceTree = "<group>"; };
		B107446B24D151100034FFA4 /* WeatherReportModels.swift */ = {isa = PBXFileReference; fileEncoding = 4; lastKnownFileType = sourcecode.swift; path = WeatherReportModels.swift; sourceTree = "<group>"; };
		B107446D24D1518F0034FFA4 /* city.list.json */ = {isa = PBXFileReference; fileEncoding = 4; lastKnownFileType = text.json; path = city.list.json; sourceTree = "<group>"; };
/* End PBXFileReference section */

/* Begin PBXFrameworksBuildPhase section */
		B107443124D116920034FFA4 /* Frameworks */ = {
			isa = PBXFrameworksBuildPhase;
			buildActionMask = 2147483647;
			files = (
			);
			runOnlyForDeploymentPostprocessing = 0;
		};
		B107444724D116960034FFA4 /* Frameworks */ = {
			isa = PBXFrameworksBuildPhase;
			buildActionMask = 2147483647;
			files = (
			);
			runOnlyForDeploymentPostprocessing = 0;
		};
		B107445224D116960034FFA4 /* Frameworks */ = {
			isa = PBXFrameworksBuildPhase;
			buildActionMask = 2147483647;
			files = (
			);
			runOnlyForDeploymentPostprocessing = 0;
		};
/* End PBXFrameworksBuildPhase section */

/* Begin PBXGroup section */
		B107442B24D116920034FFA4 = {
			isa = PBXGroup;
			children = (
				B107443624D116920034FFA4 /* WeatherReport */,
				B107444D24D116960034FFA4 /* WeatherReportTests */,
				B107445824D116960034FFA4 /* WeatherReportUITests */,
				B107443524D116920034FFA4 /* Products */,
			);
			sourceTree = "<group>";
		};
		B107443524D116920034FFA4 /* Products */ = {
			isa = PBXGroup;
			children = (
				B107443424D116920034FFA4 /* WeatherReport.app */,
				B107444A24D116960034FFA4 /* WeatherReportTests.xctest */,
				B107445524D116960034FFA4 /* WeatherReportUITests.xctest */,
			);
			name = Products;
			sourceTree = "<group>";
		};
		B107443624D116920034FFA4 /* WeatherReport */ = {
			isa = PBXGroup;
			children = (
				B107443724D116920034FFA4 /* AppDelegate.swift */,
				B107443924D116920034FFA4 /* SceneDelegate.swift */,
				B107443B24D116920034FFA4 /* ViewController.swift */,
				B107446724D11B880034FFA4 /* APIManager.swift */,
				B107446B24D151100034FFA4 /* WeatherReportModels.swift */,
				B107446D24D1518F0034FFA4 /* city.list.json */,
				B107443D24D116930034FFA4 /* Main.storyboard */,
				B107444024D116960034FFA4 /* Assets.xcassets */,
				B107444224D116960034FFA4 /* LaunchScreen.storyboard */,
				B107444524D116960034FFA4 /* Info.plist */,
			);
			path = WeatherReport;
			sourceTree = "<group>";
		};
		B107444D24D116960034FFA4 /* WeatherReportTests */ = {
			isa = PBXGroup;
			children = (
				B107444E24D116960034FFA4 /* WeatherReportTests.swift */,
				B107445024D116960034FFA4 /* Info.plist */,
			);
			path = WeatherReportTests;
			sourceTree = "<group>";
		};
		B107445824D116960034FFA4 /* WeatherReportUITests */ = {
			isa = PBXGroup;
			children = (
				B107445924D116970034FFA4 /* WeatherReportUITests.swift */,
				B107445B24D116970034FFA4 /* Info.plist */,
			);
			path = WeatherReportUITests;
			sourceTree = "<group>";
		};
/* End PBXGroup section */

/* Begin PBXNativeTarget section */
		B107443324D116920034FFA4 /* WeatherReport */ = {
			isa = PBXNativeTarget;
			buildConfigurationList = B107445E24D116970034FFA4 /* Build configuration list for PBXNativeTarget "WeatherReport" */;
			buildPhases = (
				B107443024D116920034FFA4 /* Sources */,
				B107443124D116920034FFA4 /* Frameworks */,
				B107443224D116920034FFA4 /* Resources */,
			);
			buildRules = (
			);
			dependencies = (
			);
			name = WeatherReport;
			productName = WeatherReport;
			productReference = B107443424D116920034FFA4 /* WeatherReport.app */;
			productType = "com.apple.product-type.application";
		};
		B107444924D116960034FFA4 /* WeatherReportTests */ = {
			isa = PBXNativeTarget;
			buildConfigurationList = B107446124D116970034FFA4 /* Build configuration list for PBXNativeTarget "WeatherReportTests" */;
			buildPhases = (
				B107444624D116960034FFA4 /* Sources */,
				B107444724D116960034FFA4 /* Frameworks */,
				B107444824D116960034FFA4 /* Resources */,
			);
			buildRules = (
			);
			dependencies = (
				B107444C24D116960034FFA4 /* PBXTargetDependency */,
			);
			name = WeatherReportTests;
			productName = WeatherReportTests;
			productReference = B107444A24D116960034FFA4 /* WeatherReportTests.xctest */;
			productType = "com.apple.product-type.bundle.unit-test";
		};
		B107445424D116960034FFA4 /* WeatherReportUITests */ = {
			isa = PBXNativeTarget;
			buildConfigurationList = B107446424D116970034FFA4 /* Build configuration list for PBXNativeTarget "WeatherReportUITests" */;
			buildPhases = (
				B107445124D116960034FFA4 /* Sources */,
				B107445224D116960034FFA4 /* Frameworks */,
				B107445324D116960034FFA4 /* Resources */,
			);
			buildRules = (
			);
			dependencies = (
				B107445724D116960034FFA4 /* PBXTargetDependency */,
			);
			name = WeatherReportUITests;
			productName = WeatherReportUITests;
			productReference = B107445524D116960034FFA4 /* WeatherReportUITests.xctest */;
			productType = "com.apple.product-type.bundle.ui-testing";
		};
/* End PBXNativeTarget section */

/* Begin PBXProject section */
		B107442C24D116920034FFA4 /* Project object */ = {
			isa = PBXProject;
			attributes = {
				LastSwiftUpdateCheck = 1150;
				LastUpgradeCheck = 1150;
				ORGANIZATIONNAME = senix.com;
				TargetAttributes = {
					B107443324D116920034FFA4 = {
						CreatedOnToolsVersion = 11.5;
					};
					B107444924D116960034FFA4 = {
						CreatedOnToolsVersion = 11.5;
						TestTargetID = B107443324D116920034FFA4;
					};
					B107445424D116960034FFA4 = {
						CreatedOnToolsVersion = 11.5;
						TestTargetID = B107443324D116920034FFA4;
					};
				};
			};
			buildConfigurationList = B107442F24D116920034FFA4 /* Build configuration list for PBXProject "WeatherReport" */;
			compatibilityVersion = "Xcode 9.3";
			developmentRegion = en;
			hasScannedForEncodings = 0;
			knownRegions = (
				en,
				Base,
			);
			mainGroup = B107442B24D116920034FFA4;
			productRefGroup = B107443524D116920034FFA4 /* Products */;
			projectDirPath = "";
			projectRoot = "";
			targets = (
				B107443324D116920034FFA4 /* WeatherReport */,
				B107444924D116960034FFA4 /* WeatherReportTests */,
				B107445424D116960034FFA4 /* WeatherReportUITests */,
			);
		};
/* End PBXProject section */

/* Begin PBXResourcesBuildPhase section */
		B107443224D116920034FFA4 /* Resources */ = {
			isa = PBXResourcesBuildPhase;
			buildActionMask = 2147483647;
			files = (
				B107444424D116960034FFA4 /* LaunchScreen.storyboard in Resources */,
				B107446E24D1518F0034FFA4 /* city.list.json in Resources */,
				B107444124D116960034FFA4 /* Assets.xcassets in Resources */,
				B107443F24D116930034FFA4 /* Main.storyboard in Resources */,
			);
			runOnlyForDeploymentPostprocessing = 0;
		};
		B107444824D116960034FFA4 /* Resources */ = {
			isa = PBXResourcesBuildPhase;
			buildActionMask = 2147483647;
			files = (
			);
			runOnlyForDeploymentPostprocessing = 0;
		};
		B107445324D116960034FFA4 /* Resources */ = {
			isa = PBXResourcesBuildPhase;
			buildActionMask = 2147483647;
			files = (
			);
			runOnlyForDeploymentPostprocessing = 0;
		};
/* End PBXResourcesBuildPhase section */

/* Begin PBXSourcesBuildPhase section */
		B107443024D116920034FFA4 /* Sources */ = {
			isa = PBXSourcesBuildPhase;
			buildActionMask = 2147483647;
			files = (
				B107446C24D151100034FFA4 /* WeatherReportModels.swift in Sources */,
				B107446824D11B880034FFA4 /* APIManager.swift in Sources */,
				B107443C24D116920034FFA4 /* ViewController.swift in Sources */,
				B107443824D116920034FFA4 /* AppDelegate.swift in Sources */,
				B107443A24D116920034FFA4 /* SceneDelegate.swift in Sources */,
			);
			runOnlyForDeploymentPostprocessing = 0;
		};
		B107444624D116960034FFA4 /* Sources */ = {
			isa = PBXSourcesBuildPhase;
			buildActionMask = 2147483647;
			files = (
				B107444F24D116960034FFA4 /* WeatherReportTests.swift in Sources */,
			);
			runOnlyForDeploymentPostprocessing = 0;
		};
		B107445124D116960034FFA4 /* Sources */ = {
			isa = PBXSourcesBuildPhase;
			buildActionMask = 2147483647;
			files = (
				B107445A24D116970034FFA4 /* WeatherReportUITests.swift in Sources */,
			);
			runOnlyForDeploymentPostprocessing = 0;
		};
/* End PBXSourcesBuildPhase section */

/* Begin PBXTargetDependency section */
		B107444C24D116960034FFA4 /* PBXTargetDependency */ = {
			isa = PBXTargetDependency;
			target = B107443324D116920034FFA4 /* WeatherReport */;
			targetProxy = B107444B24D116960034FFA4 /* PBXContainerItemProxy */;
		};
		B107445724D116960034FFA4 /* PBXTargetDependency */ = {
			isa = PBXTargetDependency;
			target = B107443324D116920034FFA4 /* WeatherReport */;
			targetProxy = B107445624D116960034FFA4 /* PBXContainerItemProxy */;
		};
/* End PBXTargetDependency section */

/* Begin PBXVariantGroup section */
		B107443D24D116930034FFA4 /* Main.storyboard */ = {
			isa = PBXVariantGroup;
			children = (
				B107443E24D116930034FFA4 /* Base */,
			);
			name = Main.storyboard;
			sourceTree = "<group>";
		};
		B107444224D116960034FFA4 /* LaunchScreen.storyboard */ = {
			isa = PBXVariantGroup;
			children = (
				B107444324D116960034FFA4 /* Base */,
			);
			name = LaunchScreen.storyboard;
			sourceTree = "<group>";
		};
/* End PBXVariantGroup section */

/* Begin XCBuildConfiguration section */
		B107445C24D116970034FFA4 /* Debug */ = {
			isa = XCBuildConfiguration;
			buildSettings = {
				ALWAYS_SEARCH_USER_PATHS = NO;
				CLANG_ANALYZER_NONNULL = YES;
				CLANG_ANALYZER_NUMBER_OBJECT_CONVERSION = YES_AGGRESSIVE;
				CLANG_CXX_LANGUAGE_STANDARD = "gnu++14";
				CLANG_CXX_LIBRARY = "libc++";
				CLANG_ENABLE_MODULES = YES;
				CLANG_ENABLE_OBJC_ARC = YES;
				CLANG_ENABLE_OBJC_WEAK = YES;
				CLANG_WARN_BLOCK_CAPTURE_AUTORELEASING = YES;
				CLANG_WARN_BOOL_CONVERSION = YES;
				CLANG_WARN_COMMA = YES;
				CLANG_WARN_CONSTANT_CONVERSION = YES;
				CLANG_WARN_DEPRECATED_OBJC_IMPLEMENTATIONS = YES;
				CLANG_WARN_DIRECT_OBJC_ISA_USAGE = YES_ERROR;
				CLANG_WARN_DOCUMENTATION_COMMENTS = YES;
				CLANG_WARN_EMPTY_BODY = YES;
				CLANG_WARN_ENUM_CONVERSION = YES;
				CLANG_WARN_INFINITE_RECURSION = YES;
				CLANG_WARN_INT_CONVERSION = YES;
				CLANG_WARN_NON_LITERAL_NULL_CONVERSION = YES;
				CLANG_WARN_OBJC_IMPLICIT_RETAIN_SELF = YES;
				CLANG_WARN_OBJC_LITERAL_CONVERSION = YES;
				CLANG_WARN_OBJC_ROOT_CLASS = YES_ERROR;
				CLANG_WARN_RANGE_LOOP_ANALYSIS = YES;
				CLANG_WARN_STRICT_PROTOTYPES = YES;
				CLANG_WARN_SUSPICIOUS_MOVE = YES;
				CLANG_WARN_UNGUARDED_AVAILABILITY = YES_AGGRESSIVE;
				CLANG_WARN_UNREACHABLE_CODE = YES;
				CLANG_WARN__DUPLICATE_METHOD_MATCH = YES;
				COPY_PHASE_STRIP = NO;
				DEBUG_INFORMATION_FORMAT = dwarf;
				ENABLE_STRICT_OBJC_MSGSEND = YES;
				ENABLE_TESTABILITY = YES;
				GCC_C_LANGUAGE_STANDARD = gnu11;
				GCC_DYNAMIC_NO_PIC = NO;
				GCC_NO_COMMON_BLOCKS = YES;
				GCC_OPTIMIZATION_LEVEL = 0;
				GCC_PREPROCESSOR_DEFINITIONS = (
					"DEBUG=1",
					"$(inherited)",
				);
				GCC_WARN_64_TO_32_BIT_CONVERSION = YES;
				GCC_WARN_ABOUT_RETURN_TYPE = YES_ERROR;
				GCC_WARN_UNDECLARED_SELECTOR = YES;
				GCC_WARN_UNINITIALIZED_AUTOS = YES_AGGRESSIVE;
				GCC_WARN_UNUSED_FUNCTION = YES;
				GCC_WARN_UNUSED_VARIABLE = YES;
				IPHONEOS_DEPLOYMENT_TARGET = 13.5;
				MTL_ENABLE_DEBUG_INFO = INCLUDE_SOURCE;
				MTL_FAST_MATH = YES;
				ONLY_ACTIVE_ARCH = YES;
				SDKROOT = iphoneos;
				SWIFT_ACTIVE_COMPILATION_CONDITIONS = DEBUG;
				SWIFT_OPTIMIZATION_LEVEL = "-Onone";
			};
			name = Debug;
		};
		B107445D24D116970034FFA4 /* Release */ = {
			isa = XCBuildConfiguration;
			buildSettings = {
				ALWAYS_SEARCH_USER_PATHS = NO;
				CLANG_ANALYZER_NONNULL = YES;
				CLANG_ANALYZER_NUMBER_OBJECT_CONVERSION = YES_AGGRESSIVE;
				CLANG_CXX_LANGUAGE_STANDARD = "gnu++14";
				CLANG_CXX_LIBRARY = "libc++";
				CLANG_ENABLE_MODULES = YES;
				CLANG_ENABLE_OBJC_ARC = YES;
				CLANG_ENABLE_OBJC_WEAK = YES;
				CLANG_WARN_BLOCK_CAPTURE_AUTORELEASING = YES;
				CLANG_WARN_BOOL_CONVERSION = YES;
				CLANG_WARN_COMMA = YES;
				CLANG_WARN_CONSTANT_CONVERSION = YES;
				CLANG_WARN_DEPRECATED_OBJC_IMPLEMENTATIONS = YES;
				CLANG_WARN_DIRECT_OBJC_ISA_USAGE = YES_ERROR;
				CLANG_WARN_DOCUMENTATION_COMMENTS = YES;
				CLANG_WARN_EMPTY_BODY = YES;
				CLANG_WARN_ENUM_CONVERSION = YES;
				CLANG_WARN_INFINITE_RECURSION = YES;
				CLANG_WARN_INT_CONVERSION = YES;
				CLANG_WARN_NON_LITERAL_NULL_CONVERSION = YES;
				CLANG_WARN_OBJC_IMPLICIT_RETAIN_SELF = YES;
				CLANG_WARN_OBJC_LITERAL_CONVERSION = YES;
				CLANG_WARN_OBJC_ROOT_CLASS = YES_ERROR;
				CLANG_WARN_RANGE_LOOP_ANALYSIS = YES;
				CLANG_WARN_STRICT_PROTOTYPES = YES;
				CLANG_WARN_SUSPICIOUS_MOVE = YES;
				CLANG_WARN_UNGUARDED_AVAILABILITY = YES_AGGRESSIVE;
				CLANG_WARN_UNREACHABLE_CODE = YES;
				CLANG_WARN__DUPLICATE_METHOD_MATCH = YES;
				COPY_PHASE_STRIP = NO;
				DEBUG_INFORMATION_FORMAT = "dwarf-with-dsym";
				ENABLE_NS_ASSERTIONS = NO;
				ENABLE_STRICT_OBJC_MSGSEND = YES;
				GCC_C_LANGUAGE_STANDARD = gnu11;
				GCC_NO_COMMON_BLOCKS = YES;
				GCC_WARN_64_TO_32_BIT_CONVERSION = YES;
				GCC_WARN_ABOUT_RETURN_TYPE = YES_ERROR;
				GCC_WARN_UNDECLARED_SELECTOR = YES;
				GCC_WARN_UNINITIALIZED_AUTOS = YES_AGGRESSIVE;
				GCC_WARN_UNUSED_FUNCTION = YES;
				GCC_WARN_UNUSED_VARIABLE = YES;
				IPHONEOS_DEPLOYMENT_TARGET = 13.5;
				MTL_ENABLE_DEBUG_INFO = NO;
				MTL_FAST_MATH = YES;
				SDKROOT = iphoneos;
				SWIFT_COMPILATION_MODE = wholemodule;
				SWIFT_OPTIMIZATION_LEVEL = "-O";
				VALIDATE_PRODUCT = YES;
			};
			name = Release;
		};
		B107445F24D116970034FFA4 /* Debug */ = {
			isa = XCBuildConfiguration;
			buildSettings = {
				ASSETCATALOG_COMPILER_APPICON_NAME = AppIcon;
				CODE_SIGN_STYLE = Automatic;
				INFOPLIST_FILE = WeatherReport/Info.plist;
				LD_RUNPATH_SEARCH_PATHS = (
					"$(inherited)",
					"@executable_path/Frameworks",
				);
				PRODUCT_BUNDLE_IDENTIFIER = com.senix.com.WeatherReport;
				PRODUCT_NAME = "$(TARGET_NAME)";
				SWIFT_VERSION = 5.0;
				TARGETED_DEVICE_FAMILY = "1,2";
			};
			name = Debug;
		};
		B107446024D116970034FFA4 /* Release */ = {
			isa = XCBuildConfiguration;
			buildSettings = {
				ASSETCATALOG_COMPILER_APPICON_NAME = AppIcon;
				CODE_SIGN_STYLE = Automatic;
				INFOPLIST_FILE = WeatherReport/Info.plist;
				LD_RUNPATH_SEARCH_PATHS = (
					"$(inherited)",
					"@executable_path/Frameworks",
				);
				PRODUCT_BUNDLE_IDENTIFIER = com.senix.com.WeatherReport;
				PRODUCT_NAME = "$(TARGET_NAME)";
				SWIFT_VERSION = 5.0;
				TARGETED_DEVICE_FAMILY = "1,2";
			};
			name = Release;
		};
		B107446224D116970034FFA4 /* Debug */ = {
			isa = XCBuildConfiguration;
			buildSettings = {
				ALWAYS_EMBED_SWIFT_STANDARD_LIBRARIES = YES;
				BUNDLE_LOADER = "$(TEST_HOST)";
				CODE_SIGN_STYLE = Automatic;
				INFOPLIST_FILE = WeatherReportTests/Info.plist;
				IPHONEOS_DEPLOYMENT_TARGET = 13.5;
				LD_RUNPATH_SEARCH_PATHS = (
					"$(inherited)",
					"@executable_path/Frameworks",
					"@loader_path/Frameworks",
				);
				PRODUCT_BUNDLE_IDENTIFIER = com.senix.com.WeatherReportTests;
				PRODUCT_NAME = "$(TARGET_NAME)";
				SWIFT_VERSION = 5.0;
				TARGETED_DEVICE_FAMILY = "1,2";
				TEST_HOST = "$(BUILT_PRODUCTS_DIR)/WeatherReport.app/WeatherReport";
			};
			name = Debug;
		};
		B107446324D116970034FFA4 /* Release */ = {
			isa = XCBuildConfiguration;
			buildSettings = {
				ALWAYS_EMBED_SWIFT_STANDARD_LIBRARIES = YES;
				BUNDLE_LOADER = "$(TEST_HOST)";
				CODE_SIGN_STYLE = Automatic;
				INFOPLIST_FILE = WeatherReportTests/Info.plist;
				IPHONEOS_DEPLOYMENT_TARGET = 13.5;
				LD_RUNPATH_SEARCH_PATHS = (
					"$(inherited)",
					"@executable_path/Frameworks",
					"@loader_path/Frameworks",
				);
				PRODUCT_BUNDLE_IDENTIFIER = com.senix.com.WeatherReportTests;
				PRODUCT_NAME = "$(TARGET_NAME)";
				SWIFT_VERSION = 5.0;
				TARGETED_DEVICE_FAMILY = "1,2";
				TEST_HOST = "$(BUILT_PRODUCTS_DIR)/WeatherReport.app/WeatherReport";
			};
			name = Release;
		};
		B107446524D116970034FFA4 /* Debug */ = {
			isa = XCBuildConfiguration;
			buildSettings = {
				ALWAYS_EMBED_SWIFT_STANDARD_LIBRARIES = YES;
				CODE_SIGN_STYLE = Automatic;
				INFOPLIST_FILE = WeatherReportUITests/Info.plist;
				LD_RUNPATH_SEARCH_PATHS = (
					"$(inherited)",
					"@executable_path/Frameworks",
					"@loader_path/Frameworks",
				);
				PRODUCT_BUNDLE_IDENTIFIER = com.senix.com.WeatherReportUITests;
				PRODUCT_NAME = "$(TARGET_NAME)";
				SWIFT_VERSION = 5.0;
				TARGETED_DEVICE_FAMILY = "1,2";
				TEST_TARGET_NAME = WeatherReport;
			};
			name = Debug;
		};
		B107446624D116970034FFA4 /* Release */ = {
			isa = XCBuildConfiguration;
			buildSettings = {
				ALWAYS_EMBED_SWIFT_STANDARD_LIBRARIES = YES;
				CODE_SIGN_STYLE = Automatic;
				INFOPLIST_FILE = WeatherReportUITests/Info.plist;
				LD_RUNPATH_SEARCH_PATHS = (
					"$(inherited)",
					"@executable_path/Frameworks",
					"@loader_path/Frameworks",
				);
				PRODUCT_BUNDLE_IDENTIFIER = com.senix.com.WeatherReportUITests;
				PRODUCT_NAME = "$(TARGET_NAME)";
				SWIFT_VERSION = 5.0;
				TARGETED_DEVICE_FAMILY = "1,2";
				TEST_TARGET_NAME = WeatherReport;
			};
			name = Release;
		};
/* End XCBuildConfiguration section */

/* Begin XCConfigurationList section */
		B107442F24D116920034FFA4 /* Build configuration list for PBXProject "WeatherReport" */ = {
			isa = XCConfigurationList;
			buildConfigurations = (
				B107445C24D116970034FFA4 /* Debug */,
				B107445D24D116970034FFA4 /* Release */,
			);
			defaultConfigurationIsVisible = 0;
			defaultConfigurationName = Release;
		};
		B107445E24D116970034FFA4 /* Build configuration list for PBXNativeTarget "WeatherReport" */ = {
			isa = XCConfigurationList;
			buildConfigurations = (
				B107445F24D116970034FFA4 /* Debug */,
				B107446024D116970034FFA4 /* Release */,
			);
			defaultConfigurationIsVisible = 0;
			defaultConfigurationName = Release;
		};
		B107446124D116970034FFA4 /* Build configuration list for PBXNativeTarget "WeatherReportTests" */ = {
			isa = XCConfigurationList;
			buildConfigurations = (
				B107446224D116970034FFA4 /* Debug */,
				B107446324D116970034FFA4 /* Release */,
			);
			defaultConfigurationIsVisible = 0;
			defaultConfigurationName = Release;
		};
		B107446424D116970034FFA4 /* Build configuration list for PBXNativeTarget "WeatherReportUITests" */ = {
			isa = XCConfigurationList;
			buildConfigurations = (
				B107446524D116970034FFA4 /* Debug */,
				B107446624D116970034FFA4 /* Release */,
			);
			defaultConfigurationIsVisible = 0;
			defaultConfigurationName = Release;
		};
/* End XCConfigurationList section */
	};
	rootObject = B107442C24D116920034FFA4 /* Project object */;
}
